
Microsoft Visual Studio Solution File, Format Version 12.00
# Visual Studio 2013
VisualStudioVersion = 12.0.21005.1
MinimumVisualStudioVersion = 10.0.40219.1
Project("{FAE04EC0-301F-11D3-BF4B-00C04F79EFBC}") = "Hans Super Calculator No.0001", "Hans Super Calculator No.0001\Hans Super Calculator No.0001.csproj", "{F51A2902-25D0-4228-B6D9-837C8C47858E}"
EndProject
Global
	GlobalSection(SolutionConfigurationPlatforms) = preSolution
		Debug|Any CPU = Debug|Any CPU
		Release|Any CPU = Release|Any CPU
	EndGlobalSection
	GlobalSection(ProjectConfigurationPlatforms) = postSolution
		{F51A2902-25D0-4228-B6D9-837C8C47858E}.Debug|Any CPU.ActiveCfg = Debug|Any CPU
		{F51A2902-25D0-4228-B6D9-837C8C47858E}.Debug|Any CPU.Build.0 = Debug|Any CPU
		{F51A2902-25D0-4228-B6D9-837C8C47858E}.Release|Any CPU.ActiveCfg = Release|Any CPU
		{F51A2902-25D0-4228-B6D9-837C8C47858E}.Release|Any CPU.Build.0 = Release|Any CPU
	EndGlobalSection
	GlobalSection(SolutionProperties) = preSolution
		HideSolutionNode = FALSE
	EndGlobalSection
EndGlobal
